
Microsoft Visual Studio Solution File, Format Version 12.00
# Visual Studio Version 16
VisualStudioVersion = 16.0.31911.196
MinimumVisualStudioVersion = 10.0.40219.1
Project("{FAE04EC0-301F-11D3-BF4B-00C04F79EFBC}") = "LayerProjectDemo", "LayerProjectDemo.csproj", "{1BE8CF48-83F5-4271-A92C-29781546911C}"
EndProject
Project("{FAE04EC0-301F-11D3-BF4B-00C04F79EFBC}") = "BuisnessLayerDemo", "..\BuisnessLayerDemo\BuisnessLayerDemo.csproj", "{B18737A4-EA4C-4320-AAF4-A937E1A0EDAE}"
EndProject
Project("{FAE04EC0-301F-11D3-BF4B-00C04F79EFBC}") = "DataLayerDemo", "..\DataLayerDemo\DataLayerDemo.csproj", "{9DFDD8F4-14A4-4262-B38C-F3470B78A111}"
EndProject
Global
	GlobalSection(SolutionConfigurationPlatforms) = preSolution
		Debug|Any CPU = Debug|Any CPU
		Release|Any CPU = Release|Any CPU
	EndGlobalSection
	GlobalSection(ProjectConfigurationPlatforms) = postSolution
		{1BE8CF48-83F5-4271-A92C-29781546911C}.Debug|Any CPU.ActiveCfg = Debug|Any CPU
		{1BE8CF48-83F5-4271-A92C-29781546911C}.Debug|Any CPU.Build.0 = Debug|Any CPU
		{1BE8CF48-83F5-4271-A92C-29781546911C}.Release|Any CPU.ActiveCfg = Release|Any CPU
		{1BE8CF48-83F5-4271-A92C-29781546911C}.Release|Any CPU.Build.0 = Release|Any CPU
		{B18737A4-EA4C-4320-AAF4-A937E1A0EDAE}.Debug|Any CPU.ActiveCfg = Debug|Any CPU
		{B18737A4-EA4C-4320-AAF4-A937E1A0EDAE}.Debug|Any CPU.Build.0 = Debug|Any CPU
		{B18737A4-EA4C-4320-AAF4-A937E1A0EDAE}.Release|Any CPU.ActiveCfg = Release|Any CPU
		{B18737A4-EA4C-4320-AAF4-A937E1A0EDAE}.Release|Any CPU.Build.0 = Release|Any CPU
		{9DFDD8F4-14A4-4262-B38C-F3470B78A111}.Debug|Any CPU.ActiveCfg = Debug|Any CPU
		{9DFDD8F4-14A4-4262-B38C-F3470B78A111}.Debug|Any CPU.Build.0 = Debug|Any CPU
		{9DFDD8F4-14A4-4262-B38C-F3470B78A111}.Release|Any CPU.ActiveCfg = Release|Any CPU
		{9DFDD8F4-14A4-4262-B38C-F3470B78A111}.Release|Any CPU.Build.0 = Release|Any CPU
	EndGlobalSection
	GlobalSection(SolutionProperties) = preSolution
		HideSolutionNode = FALSE
	EndGlobalSection
	GlobalSection(ExtensibilityGlobals) = postSolution
		SolutionGuid = {04C97498-0DBF-495D-9140-4FC344FE3E59}
	EndGlobalSection
EndGlobal
