
Microsoft Visual Studio Solution File, Format Version 12.00
# Visual Studio Version 16
VisualStudioVersion = 16.0.31911.196
MinimumVisualStudioVersion = 10.0.40219.1
Project("{FAE04EC0-301F-11D3-BF4B-00C04F79EFBC}") = "handson 5", "handson 5\handson 5.csproj", "{E28BD4C1-A51E-4FE9-84FE-F45E2940FC3C}"
EndProject
Global
	GlobalSection(SolutionConfigurationPlatforms) = preSolution
		Debug|Any CPU = Debug|Any CPU
		Release|Any CPU = Release|Any CPU
	EndGlobalSection
	GlobalSection(ProjectConfigurationPlatforms) = postSolution
		{E28BD4C1-A51E-4FE9-84FE-F45E2940FC3C}.Debug|Any CPU.ActiveCfg = Debug|Any CPU
		{E28BD4C1-A51E-4FE9-84FE-F45E2940FC3C}.Debug|Any CPU.Build.0 = Debug|Any CPU
		{E28BD4C1-A51E-4FE9-84FE-F45E2940FC3C}.Release|Any CPU.ActiveCfg = Release|Any CPU
		{E28BD4C1-A51E-4FE9-84FE-F45E2940FC3C}.Release|Any CPU.Build.0 = Release|Any CPU
	EndGlobalSection
	GlobalSection(SolutionProperties) = preSolution
		HideSolutionNode = FALSE
	EndGlobalSection
	GlobalSection(ExtensibilityGlobals) = postSolution
		SolutionGuid = {3DBA0FDF-5127-424C-B452-B132C6CDBE37}
	EndGlobalSection
EndGlobal
